<?xml version="1.0" encoding="utf-8"?>
<Project ToolsVersion="4.0" xmlns="http://schemas.microsoft.com/developer/msbuild/2003">
  <ItemGroup>
    <Filter Include="common">
      <UniqueIdentifier>{b704dd05-10eb-49b4-adc7-ae1b96ff8707}</UniqueIdentifier>
    </Filter>
    <Filter Include="header">
      <UniqueIdentifier>{8d7f60fe-e68d-40f9-8263-815d21d5f962}</UniqueIdentifier>
    </Filter>
  </ItemGroup>
  <ItemGroup>
    <ClCompile Include="..\common\spcm_lib_card.cpp">
      <Filter>common</Filter>
    </ClCompile>
    <ClCompile Include="..\common\spcm_lib_data.cpp">
      <Filter>common</Filter>
    </ClCompile>
    <ClCompile Include="..\common\ostools\spcm_ostools_win.cpp">
      <Filter>common</Filter>
    </ClCompile>
    <ClCompile Include="rec_fifo_single_poll.cpp" />
  </ItemGroup>
  <ItemGroup>
    <ClInclude Include="..\c_header\dlltyp.h">
      <Filter>header</Filter>
    </ClInclude>
    <ClInclude Include="..\c_header\regs.h">
      <Filter>header</Filter>
    </ClInclude>
    <ClInclude Include="..\c_header\spcerr.h">
      <Filter>header</Filter>
    </ClInclude>
    <ClInclude Include="..\c_header\spcm_drv.h">
      <Filter>header</Filter>
    </ClInclude>
    <ClInclude Include="..\common\spcm_lib_card.h">
      <Filter>header</Filter>
    </ClInclude>
    <ClInclude Include="..\common\spcm_lib_data.h">
      <Filter>header</Filter>
    </ClInclude>
    <ClInclude Include="..\common\spcm_lib_thread.h">
      <Filter>header</Filter>
    </ClInclude>
    <ClInclude Include="..\common\ostools\spcm_ostools.h">
      <Filter>header</Filter>
    </ClInclude>
    <ClInclude Include="..\common\ostools\spcm_oswrap.h">
      <Filter>header</Filter>
    </ClInclude>
  </ItemGroup>
  <ItemGroup>
    <CustomBuild Include="..\c_header\spcm_win32_msvcpp.lib">
      <Filter>common</Filter>
    </CustomBuild>
    <CustomBuild Include="..\c_header\spcm_win64_msvcpp.lib">
      <Filter>common</Filter>
    </CustomBuild>
  </ItemGroup>
</Project>