<?xml version="1.0" encoding="utf-8"?>
<Project ToolsVersion="4.0" xmlns="http://schemas.microsoft.com/developer/msbuild/2003">
  <ItemGroup>
    <Filter Include="header">
      <UniqueIdentifier>{3b77be4e-ed89-415d-8574-a090cdd7707e}</UniqueIdentifier>
      <Extensions>h;hpp;hxx;hm;inl</Extensions>
    </Filter>
    <Filter Include="common">
      <UniqueIdentifier>{47b2b5fb-21db-4f53-b3bb-d43410cda573}</UniqueIdentifier>
    </Filter>
  </ItemGroup>
  <ItemGroup>
    <ClInclude Include="..\c_header\dlltyp.h">
      <Filter>header</Filter>
    </ClInclude>
    <ClInclude Include="..\c_header\regs.h">
      <Filter>header</Filter>
    </ClInclude>
    <ClInclude Include="..\c_header\spcerr.h">
      <Filter>header</Filter>
    </ClInclude>
    <ClInclude Include="..\c_header\spcm_drv.h">
      <Filter>header</Filter>
    </ClInclude>
    <ClInclude Include="..\common\spcm_lib_card.h">
      <Filter>header</Filter>
    </ClInclude>
    <ClInclude Include="..\common\spcm_lib_data.h">
      <Filter>header</Filter>
    </ClInclude>
    <ClInclude Include="..\common\ostools\spcm_ostools.h">
      <Filter>header</Filter>
    </ClInclude>
    <ClInclude Include="..\common\ostools\spcm_oswrap.h">
      <Filter>header</Filter>
    </ClInclude>
  </ItemGroup>
  <ItemGroup>
    <ClCompile Include="..\common\spcm_lib_card.cpp">
      <Filter>common</Filter>
    </ClCompile>
    <ClCompile Include="..\common\spcm_lib_data.cpp">
      <Filter>common</Filter>
    </ClCompile>
    <ClCompile Include="..\common\ostools\spcm_ostools_win.cpp">
      <Filter>common</Filter>
    </ClCompile>
    <ClCompile Include="rec_std_aba.cpp" />
  </ItemGroup>
  <ItemGroup>
    <CustomBuild Include="..\c_header\spcm_win32_msvcpp.lib">
      <Filter>header</Filter>
    </CustomBuild>
    <CustomBuild Include="..\c_header\spcm_win64_msvcpp.lib">
      <Filter>header</Filter>
    </CustomBuild>
  </ItemGroup>
</Project>