<?xml version="1.0" encoding="utf-8"?>
<Project ToolsVersion="4.0" xmlns="http://schemas.microsoft.com/developer/msbuild/2003">
  <ItemGroup>
    <ClInclude Include="..\c_header\dlltyp.h">
      <Filter>Header</Filter>
    </ClInclude>
    <ClInclude Include="..\c_header\regs.h">
      <Filter>Header</Filter>
    </ClInclude>
    <ClInclude Include="..\c_header\spcerr.h">
      <Filter>Header</Filter>
    </ClInclude>
    <ClInclude Include="..\c_header\spcm_drv.h">
      <Filter>Header</Filter>
    </ClInclude>
  </ItemGroup>
  <ItemGroup>
    <Filter Include="Header">
      <UniqueIdentifier>{6fb0b1a4-a1ee-472a-92d9-1368d14cfb85}</UniqueIdentifier>
    </Filter>
    <Filter Include="Libs">
      <UniqueIdentifier>{3eae0868-da56-4740-8e36-0fbc9985e63d}</UniqueIdentifier>
    </Filter>
  </ItemGroup>
  <ItemGroup>
    <ClCompile Include="netbox_discovery.cpp" />
  </ItemGroup>
  <ItemGroup>
    <Library Include="..\c_header\spcm_win32_msvcpp.lib" />
    <Library Include="..\c_header\spcm_win64_msvcpp.lib" />
  </ItemGroup>
</Project>