<?xml version="1.0" encoding="utf-8"?>
<Project ToolsVersion="4.0" xmlns="http://schemas.microsoft.com/developer/msbuild/2003">
  <ItemGroup>
    <Filter Include="Header Files">
      <UniqueIdentifier>{93995380-89BD-4b04-88EB-625FBE52EBFB}</UniqueIdentifier>
      <Extensions>h;hpp;hxx;hm;inl;inc;xsd</Extensions>
    </Filter>
    <Filter Include="Resource Files">
      <UniqueIdentifier>{67DA6AB6-F800-4c08-8B7A-83BB121AAD01}</UniqueIdentifier>
      <Extensions>rc;ico;cur;bmp;dlg;rc2;rct;bin;rgs;gif;jpg;jpeg;jpe;resx;tiff;tif;png;wav</Extensions>
    </Filter>
    <Filter Include="CSource Files">
      <UniqueIdentifier>{4FC737F1-C7A5-4376-A066-2A32D752A2FF}</UniqueIdentifier>
      <Extensions>cpp;c;cc;cxx;def;odl;idl;hpj;bat;asm;asmx</Extensions>
    </Filter>
  </ItemGroup>
  <ItemGroup>
    <ClCompile Include="BaseServer.cpp">
      <Filter>CSource Files</Filter>
    </ClCompile>
    <ClCompile Include="stdafxServer.cpp">
      <Filter>CSource Files</Filter>
    </ClCompile>
    <ClCompile Include="..\Spectrum\common\ostools\spcm_ostools_win.cpp">
      <Filter>CSource Files</Filter>
    </ClCompile>
    <ClCompile Include="..\Spectrum\common\spcm_lib_card.cpp">
      <Filter>CSource Files</Filter>
    </ClCompile>
    <ClCompile Include="..\Spectrum\common\spcm_lib_data.cpp">
      <Filter>CSource Files</Filter>
    </ClCompile>
    <ClCompile Include="..\Spectrum\shahar\RecRepMulti.cpp">
      <Filter>CSource Files</Filter>
    </ClCompile>
    <ClCompile Include="..\IMOD\libcfshr\b3dutil.c">
      <Filter>CSource Files</Filter>
    </ClCompile>
    <ClCompile Include="..\IMOD\libiimod\mrcfiles.c">
      <Filter>CSource Files</Filter>
    </ClCompile>
    <ClCompile Include="..\IMOD\libiimod\mrcsec.c">
      <Filter>CSource Files</Filter>
    </ClCompile>
    <ClCompile Include="..\IMOD\libiimod\iimrc.c">
      <Filter>CSource Files</Filter>
    </ClCompile>
    <ClCompile Include="..\IMOD\libiimod\iimage_modified.c">
      <Filter>CSource Files</Filter>
    </ClCompile>
    <ClCompile Include="..\IMOD\libiimod\iilikemrc.c">
      <Filter>CSource Files</Filter>
    </ClCompile>
    <ClCompile Include="..\IMOD\libcfshr\ilist.c">
      <Filter>CSource Files</Filter>
    </ClCompile>
    <ClCompile Include="..\IMOD\libiimod\plist_modified.c">
      <Filter>CSource Files</Filter>
    </ClCompile>
    <ClCompile Include="..\IMOD\libcfshr\islice.c">
      <Filter>CSource Files</Filter>
    </ClCompile>
    <ClCompile Include="SERVER-SEMCamServer.cpp">
      <Filter>CSource Files</Filter>
    </ClCompile>
    <ClCompile Include="ServerCamera.cpp">
      <Filter>CSource Files</Filter>
    </ClCompile>
  </ItemGroup>
  <ItemGroup>
    <ClInclude Include="BaseServer.h">
      <Filter>Header Files</Filter>
    </ClInclude>
    <ClInclude Include="ServerDefines.h">
      <Filter>Header Files</Filter>
    </ClInclude>
    <ClInclude Include="stdafxServer.h">
      <Filter>Header Files</Filter>
    </ClInclude>
    <ClInclude Include="targetver.h">
      <Filter>Header Files</Filter>
    </ClInclude>
    <ClInclude Include="..\Spectrum\c_header\dlltyp.h">
      <Filter>Header Files</Filter>
    </ClInclude>
    <ClInclude Include="..\Spectrum\c_header\regs.h">
      <Filter>Header Files</Filter>
    </ClInclude>
    <ClInclude Include="..\Spectrum\c_header\spcerr.h">
      <Filter>Header Files</Filter>
    </ClInclude>
    <ClInclude Include="..\Spectrum\c_header\spcm_drv.h">
      <Filter>Header Files</Filter>
    </ClInclude>
    <ClInclude Include="..\Spectrum\common\spcm_lib_card.h">
      <Filter>Header Files</Filter>
    </ClInclude>
    <ClInclude Include="..\Spectrum\common\spcm_lib_data.h">
      <Filter>Header Files</Filter>
    </ClInclude>
    <ClInclude Include="..\Spectrum\common\ostools\spcm_ostools.h">
      <Filter>Header Files</Filter>
    </ClInclude>
    <ClInclude Include="..\Spectrum\common\ostools\spcm_oswrap.h">
      <Filter>Header Files</Filter>
    </ClInclude>
    <ClInclude Include="..\Spectrum\shahar\RecRepMulti.h">
      <Filter>CSource Files</Filter>
    </ClInclude>
    <ClInclude Include="..\IMOD\include\imodconfig.h">
      <Filter>Header Files</Filter>
    </ClInclude>
    <ClInclude Include="..\IMOD\include\b3dutil.h">
      <Filter>Header Files</Filter>
    </ClInclude>
    <ClInclude Include="..\IMOD\include\iimage.h">
      <Filter>Header Files</Filter>
    </ClInclude>
    <ClInclude Include="..\IMOD\include\mrcfiles.h">
      <Filter>Header Files</Filter>
    </ClInclude>
    <ClInclude Include="..\IMOD\include\mrcc.h">
      <Filter>Header Files</Filter>
    </ClInclude>
    <ClInclude Include="..\IMOD\include\mrcslice.h">
      <Filter>Header Files</Filter>
    </ClInclude>
    <ClInclude Include="..\IMOD\include\hvemtypes.h">
      <Filter>Header Files</Filter>
    </ClInclude>
    <ClInclude Include="..\zeromq\zeromq4-1-master\builds\msvc\platform.hpp">
      <Filter>Header Files</Filter>
    </ClInclude>
    <ClInclude Include="..\zeromq\zeromq4-1-master\include\zmq.h">
      <Filter>Header Files</Filter>
    </ClInclude>
    <ClInclude Include="..\zeromq\zeromq4-1-master\include\zmq_utils.h">
      <Filter>Header Files</Filter>
    </ClInclude>
    <ClInclude Include="..\IMOD\include\ilist.h">
      <Filter>Header Files</Filter>
    </ClInclude>
    <ClInclude Include="..\MAT\include\mat.h">
      <Filter>Header Files</Filter>
    </ClInclude>
    <ClInclude Include="..\MAT\include\matrix.h">
      <Filter>Header Files</Filter>
    </ClInclude>
    <ClInclude Include="..\MAT\include\tmwtypes.h">
      <Filter>Header Files</Filter>
    </ClInclude>
    <ClInclude Include="ServerCamera.h">
      <Filter>Header Files</Filter>
    </ClInclude>
  </ItemGroup>
  <ItemGroup>
    <Library Include="..\Spectrum\c_header\spcm_win32_msvcpp.lib">
      <Filter>CSource Files</Filter>
    </Library>
    <Library Include="..\Spectrum\c_header\spcm_win64_msvcpp.lib">
      <Filter>CSource Files</Filter>
    </Library>
  </ItemGroup>
  <ItemGroup>
    <None Include="..\zeromq\zeromq4-1-master\bin\x64\Debug\v142\dynamic\libzmq.dll">
      <Filter>Resource Files</Filter>
    </None>
  </ItemGroup>
</Project>