Microsoft Visual Studio Solution File, Format Version 12.00
# Visual Studio Version 16
VisualStudioVersion = 16.0.30413.136
MinimumVisualStudioVersion = 10.0.40219.1
Project("{8BC9CEB8-8B4A-11D0-8D11-00A0C91BC942}") = "SERVER-SEMCamServer", "SERVER-SEMCamServer.vcxproj", "{832BA3D8-94C7-4A02-9F84-0C20B1069DFD}"
EndProject
Project("{8BC9CEB8-8B4A-11D0-8D11-00A0C91BC942}") = "libsodium", "..\zeromq\libsodium\builds\msvc\vs2010\libsodium\libsodium.vcxproj", "{A185B162-6CB6-4502-B03F-B56F7699A8D9}"
EndProject
Project("{8BC9CEB8-8B4A-11D0-8D11-00A0C91BC942}") = "libzmq", "..\zeromq\zeromq4-1-master\builds\msvc\vs2010\libzmq\libzmq.vcxproj", "{641C5F36-32EE-4323-B740-992B651CF9D6}"
EndProject
Global
	GlobalSection(SolutionConfigurationPlatforms) = preSolution
		Debug|64bits = Debug|64bits
		Debug|Win32 = Debug|Win32
		Debug|x64 = Debug|x64
		DebugDLL|64bits = DebugDLL|64bits
		DebugDLL|Win32 = DebugDLL|Win32
		DebugDLL|x64 = DebugDLL|x64
		DebugLIB|64bits = DebugLIB|64bits
		DebugLIB|Win32 = DebugLIB|Win32
		DebugLIB|x64 = DebugLIB|x64
		DebugLTCG|64bits = DebugLTCG|64bits
		DebugLTCG|Win32 = DebugLTCG|Win32
		DebugLTCG|x64 = DebugLTCG|x64
		Release|64bits = Release|64bits
		Release|Win32 = Release|Win32
		Release|x64 = Release|x64
		ReleaseDLL|64bits = ReleaseDLL|64bits
		ReleaseDLL|Win32 = ReleaseDLL|Win32
		ReleaseDLL|x64 = ReleaseDLL|x64
		ReleaseLIB|64bits = ReleaseLIB|64bits
		ReleaseLIB|Win32 = ReleaseLIB|Win32
		ReleaseLIB|x64 = ReleaseLIB|x64
		ReleaseLTCG|64bits = ReleaseLTCG|64bits
		ReleaseLTCG|Win32 = ReleaseLTCG|Win32
		ReleaseLTCG|x64 = ReleaseLTCG|x64
	EndGlobalSection
	GlobalSection(ProjectConfigurationPlatforms) = postSolution
		{832BA3D8-94C7-4A02-9F84-0C20B1069DFD}.Debug|64bits.ActiveCfg = Debug|x64
		{832BA3D8-94C7-4A02-9F84-0C20B1069DFD}.Debug|64bits.Build.0 = Debug|x64
		{832BA3D8-94C7-4A02-9F84-0C20B1069DFD}.Debug|Win32.ActiveCfg = Debug|x64
		{832BA3D8-94C7-4A02-9F84-0C20B1069DFD}.Debug|Win32.Build.0 = Debug|x64
		{832BA3D8-94C7-4A02-9F84-0C20B1069DFD}.Debug|x64.ActiveCfg = Debug|x64
		{832BA3D8-94C7-4A02-9F84-0C20B1069DFD}.Debug|x64.Build.0 = Debug|x64
		{832BA3D8-94C7-4A02-9F84-0C20B1069DFD}.DebugDLL|64bits.ActiveCfg = Debug|x64
		{832BA3D8-94C7-4A02-9F84-0C20B1069DFD}.DebugDLL|64bits.Build.0 = Debug|x64
		{832BA3D8-94C7-4A02-9F84-0C20B1069DFD}.DebugDLL|Win32.ActiveCfg = Debug|x64
		{832BA3D8-94C7-4A02-9F84-0C20B1069DFD}.DebugDLL|x64.ActiveCfg = Debug|x64
		{832BA3D8-94C7-4A02-9F84-0C20B1069DFD}.DebugDLL|x64.Build.0 = Debug|x64
		{832BA3D8-94C7-4A02-9F84-0C20B1069DFD}.DebugLIB|64bits.ActiveCfg = Debug|x64
		{832BA3D8-94C7-4A02-9F84-0C20B1069DFD}.DebugLIB|64bits.Build.0 = Debug|x64
		{832BA3D8-94C7-4A02-9F84-0C20B1069DFD}.DebugLIB|Win32.ActiveCfg = Debug|x64
		{832BA3D8-94C7-4A02-9F84-0C20B1069DFD}.DebugLIB|x64.ActiveCfg = Debug|x64
		{832BA3D8-94C7-4A02-9F84-0C20B1069DFD}.DebugLIB|x64.Build.0 = Debug|x64
		{832BA3D8-94C7-4A02-9F84-0C20B1069DFD}.DebugLTCG|64bits.ActiveCfg = Debug|x64
		{832BA3D8-94C7-4A02-9F84-0C20B1069DFD}.DebugLTCG|64bits.Build.0 = Debug|x64
		{832BA3D8-94C7-4A02-9F84-0C20B1069DFD}.DebugLTCG|Win32.ActiveCfg = Debug|x64
		{832BA3D8-94C7-4A02-9F84-0C20B1069DFD}.DebugLTCG|x64.ActiveCfg = Debug|x64
		{832BA3D8-94C7-4A02-9F84-0C20B1069DFD}.DebugLTCG|x64.Build.0 = Debug|x64
		{832BA3D8-94C7-4A02-9F84-0C20B1069DFD}.Release|64bits.ActiveCfg = Release|x64
		{832BA3D8-94C7-4A02-9F84-0C20B1069DFD}.Release|64bits.Build.0 = Release|x64
		{832BA3D8-94C7-4A02-9F84-0C20B1069DFD}.Release|Win32.ActiveCfg = Release|Win32
		{832BA3D8-94C7-4A02-9F84-0C20B1069DFD}.Release|Win32.Build.0 = Release|Win32
		{832BA3D8-94C7-4A02-9F84-0C20B1069DFD}.Release|x64.ActiveCfg = Release|x64
		{832BA3D8-94C7-4A02-9F84-0C20B1069DFD}.Release|x64.Build.0 = Release|x64
		{832BA3D8-94C7-4A02-9F84-0C20B1069DFD}.ReleaseDLL|64bits.ActiveCfg = Release|x64
		{832BA3D8-94C7-4A02-9F84-0C20B1069DFD}.ReleaseDLL|64bits.Build.0 = Release|x64
		{832BA3D8-94C7-4A02-9F84-0C20B1069DFD}.ReleaseDLL|Win32.ActiveCfg = Release|x64
		{832BA3D8-94C7-4A02-9F84-0C20B1069DFD}.ReleaseDLL|x64.ActiveCfg = Release|x64
		{832BA3D8-94C7-4A02-9F84-0C20B1069DFD}.ReleaseDLL|x64.Build.0 = Release|x64
		{832BA3D8-94C7-4A02-9F84-0C20B1069DFD}.ReleaseLIB|64bits.ActiveCfg = Release|x64
		{832BA3D8-94C7-4A02-9F84-0C20B1069DFD}.ReleaseLIB|64bits.Build.0 = Release|x64
		{832BA3D8-94C7-4A02-9F84-0C20B1069DFD}.ReleaseLIB|Win32.ActiveCfg = Release|x64
		{832BA3D8-94C7-4A02-9F84-0C20B1069DFD}.ReleaseLIB|x64.ActiveCfg = Release|x64
		{832BA3D8-94C7-4A02-9F84-0C20B1069DFD}.ReleaseLIB|x64.Build.0 = Release|x64
		{832BA3D8-94C7-4A02-9F84-0C20B1069DFD}.ReleaseLTCG|64bits.ActiveCfg = Release|x64
		{832BA3D8-94C7-4A02-9F84-0C20B1069DFD}.ReleaseLTCG|64bits.Build.0 = Release|x64
		{832BA3D8-94C7-4A02-9F84-0C20B1069DFD}.ReleaseLTCG|Win32.ActiveCfg = Release|x64
		{832BA3D8-94C7-4A02-9F84-0C20B1069DFD}.ReleaseLTCG|x64.ActiveCfg = Release|x64
		{832BA3D8-94C7-4A02-9F84-0C20B1069DFD}.ReleaseLTCG|x64.Build.0 = Release|x64
		{A185B162-6CB6-4502-B03F-B56F7699A8D9}.Debug|64bits.ActiveCfg = DebugLIB|x64
		{A185B162-6CB6-4502-B03F-B56F7699A8D9}.Debug|Win32.ActiveCfg = DebugLIB|Win32
		{A185B162-6CB6-4502-B03F-B56F7699A8D9}.Debug|x64.ActiveCfg = DebugDLL|x64
		{A185B162-6CB6-4502-B03F-B56F7699A8D9}.DebugDLL|64bits.ActiveCfg = DebugDLL|x64
		{A185B162-6CB6-4502-B03F-B56F7699A8D9}.DebugDLL|64bits.Build.0 = DebugDLL|x64
		{A185B162-6CB6-4502-B03F-B56F7699A8D9}.DebugDLL|Win32.ActiveCfg = DebugDLL|Win32
		{A185B162-6CB6-4502-B03F-B56F7699A8D9}.DebugDLL|Win32.Build.0 = DebugDLL|Win32
		{A185B162-6CB6-4502-B03F-B56F7699A8D9}.DebugDLL|x64.ActiveCfg = DebugDLL|x64
		{A185B162-6CB6-4502-B03F-B56F7699A8D9}.DebugDLL|x64.Build.0 = DebugDLL|x64
		{A185B162-6CB6-4502-B03F-B56F7699A8D9}.DebugLIB|64bits.ActiveCfg = DebugLIB|x64
		{A185B162-6CB6-4502-B03F-B56F7699A8D9}.DebugLIB|64bits.Build.0 = DebugLIB|x64
		{A185B162-6CB6-4502-B03F-B56F7699A8D9}.DebugLIB|Win32.ActiveCfg = DebugLIB|Win32
		{A185B162-6CB6-4502-B03F-B56F7699A8D9}.DebugLIB|Win32.Build.0 = DebugLIB|Win32
		{A185B162-6CB6-4502-B03F-B56F7699A8D9}.DebugLIB|x64.ActiveCfg = DebugLIB|x64
		{A185B162-6CB6-4502-B03F-B56F7699A8D9}.DebugLIB|x64.Build.0 = DebugLIB|x64
		{A185B162-6CB6-4502-B03F-B56F7699A8D9}.DebugLTCG|64bits.ActiveCfg = DebugLTCG|x64
		{A185B162-6CB6-4502-B03F-B56F7699A8D9}.DebugLTCG|64bits.Build.0 = DebugLTCG|x64
		{A185B162-6CB6-4502-B03F-B56F7699A8D9}.DebugLTCG|Win32.ActiveCfg = DebugLTCG|Win32
		{A185B162-6CB6-4502-B03F-B56F7699A8D9}.DebugLTCG|Win32.Build.0 = DebugLTCG|Win32
		{A185B162-6CB6-4502-B03F-B56F7699A8D9}.DebugLTCG|x64.ActiveCfg = DebugLTCG|x64
		{A185B162-6CB6-4502-B03F-B56F7699A8D9}.DebugLTCG|x64.Build.0 = DebugLTCG|x64
		{A185B162-6CB6-4502-B03F-B56F7699A8D9}.Release|64bits.ActiveCfg = ReleaseLIB|x64
		{A185B162-6CB6-4502-B03F-B56F7699A8D9}.Release|64bits.Build.0 = ReleaseLIB|x64
		{A185B162-6CB6-4502-B03F-B56F7699A8D9}.Release|Win32.ActiveCfg = ReleaseLIB|x64
		{A185B162-6CB6-4502-B03F-B56F7699A8D9}.Release|x64.ActiveCfg = ReleaseLIB|x64
		{A185B162-6CB6-4502-B03F-B56F7699A8D9}.Release|x64.Build.0 = ReleaseLIB|x64
		{A185B162-6CB6-4502-B03F-B56F7699A8D9}.ReleaseDLL|64bits.ActiveCfg = ReleaseDLL|x64
		{A185B162-6CB6-4502-B03F-B56F7699A8D9}.ReleaseDLL|64bits.Build.0 = ReleaseDLL|x64
		{A185B162-6CB6-4502-B03F-B56F7699A8D9}.ReleaseDLL|Win32.ActiveCfg = ReleaseDLL|Win32
		{A185B162-6CB6-4502-B03F-B56F7699A8D9}.ReleaseDLL|Win32.Build.0 = ReleaseDLL|Win32
		{A185B162-6CB6-4502-B03F-B56F7699A8D9}.ReleaseDLL|x64.ActiveCfg = ReleaseDLL|x64
		{A185B162-6CB6-4502-B03F-B56F7699A8D9}.ReleaseDLL|x64.Build.0 = ReleaseDLL|x64
		{A185B162-6CB6-4502-B03F-B56F7699A8D9}.ReleaseLIB|64bits.ActiveCfg = ReleaseLIB|x64
		{A185B162-6CB6-4502-B03F-B56F7699A8D9}.ReleaseLIB|64bits.Build.0 = ReleaseLIB|x64
		{A185B162-6CB6-4502-B03F-B56F7699A8D9}.ReleaseLIB|Win32.ActiveCfg = ReleaseLIB|Win32
		{A185B162-6CB6-4502-B03F-B56F7699A8D9}.ReleaseLIB|Win32.Build.0 = ReleaseLIB|Win32
		{A185B162-6CB6-4502-B03F-B56F7699A8D9}.ReleaseLIB|x64.ActiveCfg = ReleaseLIB|x64
		{A185B162-6CB6-4502-B03F-B56F7699A8D9}.ReleaseLIB|x64.Build.0 = ReleaseLIB|x64
		{A185B162-6CB6-4502-B03F-B56F7699A8D9}.ReleaseLTCG|64bits.ActiveCfg = ReleaseLTCG|x64
		{A185B162-6CB6-4502-B03F-B56F7699A8D9}.ReleaseLTCG|64bits.Build.0 = ReleaseLTCG|x64
		{A185B162-6CB6-4502-B03F-B56F7699A8D9}.ReleaseLTCG|Win32.ActiveCfg = ReleaseLTCG|Win32
		{A185B162-6CB6-4502-B03F-B56F7699A8D9}.ReleaseLTCG|Win32.Build.0 = ReleaseLTCG|Win32
		{A185B162-6CB6-4502-B03F-B56F7699A8D9}.ReleaseLTCG|x64.ActiveCfg = ReleaseLTCG|x64
		{A185B162-6CB6-4502-B03F-B56F7699A8D9}.ReleaseLTCG|x64.Build.0 = ReleaseLTCG|x64
		{641C5F36-32EE-4323-B740-992B651CF9D6}.Debug|64bits.ActiveCfg = DebugLIB|x64
		{641C5F36-32EE-4323-B740-992B651CF9D6}.Debug|64bits.Build.0 = DebugLIB|x64
		{641C5F36-32EE-4323-B740-992B651CF9D6}.Debug|Win32.ActiveCfg = DebugDLL|x64
		{641C5F36-32EE-4323-B740-992B651CF9D6}.Debug|Win32.Build.0 = DebugDLL|x64
		{641C5F36-32EE-4323-B740-992B651CF9D6}.Debug|x64.ActiveCfg = DebugDLL|x64
		{641C5F36-32EE-4323-B740-992B651CF9D6}.Debug|x64.Build.0 = DebugDLL|x64
		{641C5F36-32EE-4323-B740-992B651CF9D6}.DebugDLL|64bits.ActiveCfg = DebugDLL|x64
		{641C5F36-32EE-4323-B740-992B651CF9D6}.DebugDLL|64bits.Build.0 = DebugDLL|x64
		{641C5F36-32EE-4323-B740-992B651CF9D6}.DebugDLL|Win32.ActiveCfg = DebugDLL|Win32
		{641C5F36-32EE-4323-B740-992B651CF9D6}.DebugDLL|Win32.Build.0 = DebugDLL|Win32
		{641C5F36-32EE-4323-B740-992B651CF9D6}.DebugDLL|x64.ActiveCfg = DebugDLL|x64
		{641C5F36-32EE-4323-B740-992B651CF9D6}.DebugDLL|x64.Build.0 = DebugDLL|x64
		{641C5F36-32EE-4323-B740-992B651CF9D6}.DebugLIB|64bits.ActiveCfg = DebugLIB|x64
		{641C5F36-32EE-4323-B740-992B651CF9D6}.DebugLIB|64bits.Build.0 = DebugLIB|x64
		{641C5F36-32EE-4323-B740-992B651CF9D6}.DebugLIB|Win32.ActiveCfg = DebugLIB|Win32
		{641C5F36-32EE-4323-B740-992B651CF9D6}.DebugLIB|Win32.Build.0 = DebugLIB|Win32
		{641C5F36-32EE-4323-B740-992B651CF9D6}.DebugLIB|x64.ActiveCfg = DebugLIB|x64
		{641C5F36-32EE-4323-B740-992B651CF9D6}.DebugLIB|x64.Build.0 = DebugLIB|x64
		{641C5F36-32EE-4323-B740-992B651CF9D6}.DebugLTCG|64bits.ActiveCfg = DebugLTCG|x64
		{641C5F36-32EE-4323-B740-992B651CF9D6}.DebugLTCG|64bits.Build.0 = DebugLTCG|x64
		{641C5F36-32EE-4323-B740-992B651CF9D6}.DebugLTCG|Win32.ActiveCfg = DebugLTCG|Win32
		{641C5F36-32EE-4323-B740-992B651CF9D6}.DebugLTCG|Win32.Build.0 = DebugLTCG|Win32
		{641C5F36-32EE-4323-B740-992B651CF9D6}.DebugLTCG|x64.ActiveCfg = DebugLTCG|x64
		{641C5F36-32EE-4323-B740-992B651CF9D6}.DebugLTCG|x64.Build.0 = DebugLTCG|x64
		{641C5F36-32EE-4323-B740-992B651CF9D6}.Release|64bits.ActiveCfg = ReleaseLIB|x64
		{641C5F36-32EE-4323-B740-992B651CF9D6}.Release|64bits.Build.0 = ReleaseLIB|x64
		{641C5F36-32EE-4323-B740-992B651CF9D6}.Release|Win32.ActiveCfg = ReleaseLIB|x64
		{641C5F36-32EE-4323-B740-992B651CF9D6}.Release|x64.ActiveCfg = ReleaseLIB|x64
		{641C5F36-32EE-4323-B740-992B651CF9D6}.Release|x64.Build.0 = ReleaseLIB|x64
		{641C5F36-32EE-4323-B740-992B651CF9D6}.ReleaseDLL|64bits.ActiveCfg = ReleaseDLL|x64
		{641C5F36-32EE-4323-B740-992B651CF9D6}.ReleaseDLL|64bits.Build.0 = ReleaseDLL|x64
		{641C5F36-32EE-4323-B740-992B651CF9D6}.ReleaseDLL|Win32.ActiveCfg = ReleaseDLL|Win32
		{641C5F36-32EE-4323-B740-992B651CF9D6}.ReleaseDLL|Win32.Build.0 = ReleaseDLL|Win32
		{641C5F36-32EE-4323-B740-992B651CF9D6}.ReleaseDLL|x64.ActiveCfg = ReleaseDLL|x64
		{641C5F36-32EE-4323-B740-992B651CF9D6}.ReleaseDLL|x64.Build.0 = ReleaseDLL|x64
		{641C5F36-32EE-4323-B740-992B651CF9D6}.ReleaseLIB|64bits.ActiveCfg = ReleaseLIB|x64
		{641C5F36-32EE-4323-B740-992B651CF9D6}.ReleaseLIB|64bits.Build.0 = ReleaseLIB|x64
		{641C5F36-32EE-4323-B740-992B651CF9D6}.ReleaseLIB|Win32.ActiveCfg = ReleaseLIB|Win32
		{641C5F36-32EE-4323-B740-992B651CF9D6}.ReleaseLIB|Win32.Build.0 = ReleaseLIB|Win32
		{641C5F36-32EE-4323-B740-992B651CF9D6}.ReleaseLIB|x64.ActiveCfg = ReleaseLIB|x64
		{641C5F36-32EE-4323-B740-992B651CF9D6}.ReleaseLIB|x64.Build.0 = ReleaseLIB|x64
		{641C5F36-32EE-4323-B740-992B651CF9D6}.ReleaseLTCG|64bits.ActiveCfg = ReleaseLTCG|x64
		{641C5F36-32EE-4323-B740-992B651CF9D6}.ReleaseLTCG|64bits.Build.0 = ReleaseLTCG|x64
		{641C5F36-32EE-4323-B740-992B651CF9D6}.ReleaseLTCG|Win32.ActiveCfg = ReleaseLTCG|Win32
		{641C5F36-32EE-4323-B740-992B651CF9D6}.ReleaseLTCG|Win32.Build.0 = ReleaseLTCG|Win32
		{641C5F36-32EE-4323-B740-992B651CF9D6}.ReleaseLTCG|x64.ActiveCfg = ReleaseLTCG|x64
		{641C5F36-32EE-4323-B740-992B651CF9D6}.ReleaseLTCG|x64.Build.0 = ReleaseLTCG|x64
	EndGlobalSection
	GlobalSection(SolutionProperties) = preSolution
		HideSolutionNode = FALSE
	EndGlobalSection
	GlobalSection(ExtensibilityGlobals) = postSolution
		SolutionGuid = {60180852-CF55-489A-8ABB-5C9E1736DEDD}
	EndGlobalSection
EndGlobal
