<?xml version="1.0" encoding="utf-8"?>
<Project ToolsVersion="4.0" xmlns="http://schemas.microsoft.com/developer/msbuild/2003">
  <ItemGroup>
    <ClCompile Include="simple_rec_std.cpp" />
    <ClCompile Include="..\common\ostools\spcm_ostools_win.cpp">
      <Filter>Libs</Filter>
    </ClCompile>
  </ItemGroup>
  <ItemGroup>
    <ClInclude Include="..\c_header\dlltyp.h">
      <Filter>Header</Filter>
    </ClInclude>
    <ClInclude Include="..\c_header\regs.h">
      <Filter>Header</Filter>
    </ClInclude>
    <ClInclude Include="..\c_header\spcerr.h">
      <Filter>Header</Filter>
    </ClInclude>
    <ClInclude Include="..\c_header\spcm_drv.h">
      <Filter>Header</Filter>
    </ClInclude>
    <ClInclude Include="..\common\ostools\spcm_ostools.h">
      <Filter>Header</Filter>
    </ClInclude>
    <ClInclude Include="..\common\ostools\spcm_oswrap.h">
      <Filter>Header</Filter>
    </ClInclude>
  </ItemGroup>
  <ItemGroup>
    <Filter Include="Header">
      <UniqueIdentifier>{da0e9b67-353f-4c16-8aba-40f0dffd6413}</UniqueIdentifier>
    </Filter>
    <Filter Include="Libs">
      <UniqueIdentifier>{4a792919-840e-4d23-b721-64c9f6fd94db}</UniqueIdentifier>
    </Filter>
  </ItemGroup>
  <ItemGroup>
    <Library Include="..\c_header\spcm_win32_msvcpp.lib">
      <Filter>Libs</Filter>
    </Library>
    <Library Include="..\c_header\spcm_win64_msvcpp.lib">
      <Filter>Libs</Filter>
    </Library>
  </ItemGroup>
</Project>