<?xml version="1.0" encoding="utf-8"?>
<Project ToolsVersion="4.0" xmlns="http://schemas.microsoft.com/developer/msbuild/2003">
  <ItemGroup>
    <Filter Include="Source Files">
      <UniqueIdentifier>{74a4c4d2-e304-4e74-b293-21410c30b2d2}</UniqueIdentifier>
      <Extensions>cpp;c;cxx;rc;def;r;odl;idl;hpj;bat</Extensions>
    </Filter>
    <Filter Include="Header Files">
      <UniqueIdentifier>{0001022b-567b-4e9b-90c9-4a9f7276076c}</UniqueIdentifier>
      <Extensions>h;hpp;hxx;hm;inl</Extensions>
    </Filter>
    <Filter Include="Generated">
      <UniqueIdentifier>{689a2be2-9091-4dc0-87e5-1dbd2466f310}</UniqueIdentifier>
    </Filter>
    <Filter Include="Resource Files">
      <UniqueIdentifier>{751169c1-8bb7-4f92-8836-bd5f5dfa492e}</UniqueIdentifier>
      <Extensions>ico;cur;bmp;dlg;rc2;rct;bin;rgs;gif;jpg;jpeg;jpe</Extensions>
    </Filter>
  </ItemGroup>
  <ItemGroup>
    <ClCompile Include="arrowbutton.cpp">
      <Filter>Source Files</Filter>
    </ClCompile>
    <ClCompile Include="colorselector.cpp">
      <Filter>Source Files</Filter>
    </ClCompile>
    <ClCompile Include="dia_qtutils.cpp">
      <Filter>Source Files</Filter>
    </ClCompile>
    <ClCompile Include="dialog_frame.cpp">
      <Filter>Source Files</Filter>
    </ClCompile>
    <ClCompile Include="multislider.cpp">
      <Filter>Source Files</Filter>
    </ClCompile>
    <ClCompile Include="tooledit.cpp">
      <Filter>Source Files</Filter>
    </ClCompile>
    <ClCompile Include="..\include\moc_arrowbutton.cpp">
      <Filter>Generated</Filter>
    </ClCompile>
    <ClCompile Include="..\include\moc_colorselector.cpp">
      <Filter>Generated</Filter>
    </ClCompile>
    <ClCompile Include="..\include\moc_dialog_frame.cpp">
      <Filter>Generated</Filter>
    </ClCompile>
    <ClCompile Include="..\include\moc_multislider.cpp">
      <Filter>Generated</Filter>
    </ClCompile>
    <ClCompile Include="..\include\moc_tooledit.cpp">
      <Filter>Generated</Filter>
    </ClCompile>
  </ItemGroup>
  <ItemGroup>
    <ClInclude Include="..\include\dia_qtutils.h">
      <Filter>Header Files</Filter>
    </ClInclude>
    <ClInclude Include="plax.h">
      <Filter>Header Files</Filter>
    </ClInclude>
  </ItemGroup>
  <ItemGroup>
    <CustomBuild Include="..\include\arrowbutton.h">
      <Filter>Header Files</Filter>
    </CustomBuild>
    <CustomBuild Include="..\include\colorselector.h">
      <Filter>Header Files</Filter>
    </CustomBuild>
    <CustomBuild Include="..\include\dialog_frame.h">
      <Filter>Header Files</Filter>
    </CustomBuild>
    <CustomBuild Include="..\include\multislider.h">
      <Filter>Header Files</Filter>
    </CustomBuild>
    <CustomBuild Include="..\include\tooledit.h">
      <Filter>Header Files</Filter>
    </CustomBuild>
  </ItemGroup>
</Project>