<?xml version="1.0" encoding="utf-8"?>
<Project ToolsVersion="4.0" xmlns="http://schemas.microsoft.com/developer/msbuild/2003">
  <ItemGroup>
    <Filter Include="header">
      <UniqueIdentifier>{62f68953-f119-4ca5-a3b8-44045268dd8c}</UniqueIdentifier>
      <Extensions>h;hpp;hxx;hm;inl</Extensions>
    </Filter>
    <Filter Include="common">
      <UniqueIdentifier>{63fd6933-a45c-43a8-bb07-2ae8b9b3de64}</UniqueIdentifier>
    </Filter>
  </ItemGroup>
  <ItemGroup>
    <ClInclude Include="..\c_header\dlltyp.h">
      <Filter>header</Filter>
    </ClInclude>
    <ClInclude Include="..\c_header\regs.h">
      <Filter>header</Filter>
    </ClInclude>
    <ClInclude Include="..\c_header\spcerr.h">
      <Filter>header</Filter>
    </ClInclude>
    <ClInclude Include="..\c_header\spcm_drv.h">
      <Filter>header</Filter>
    </ClInclude>
    <ClInclude Include="..\common\spcm_lib_card.h">
      <Filter>header</Filter>
    </ClInclude>
    <ClInclude Include="..\common\spcm_lib_data.h">
      <Filter>header</Filter>
    </ClInclude>
  </ItemGroup>
  <ItemGroup>
    <ClCompile Include="..\common\spcm_lib_card.cpp">
      <Filter>common</Filter>
    </ClCompile>
    <ClCompile Include="..\common\spcm_lib_data.cpp">
      <Filter>common</Filter>
    </ClCompile>
    <ClCompile Include="rec_std_system_sync.cpp" />
  </ItemGroup>
  <ItemGroup>
    <CustomBuild Include="..\c_header\spcm_win32_msvcpp.lib">
      <Filter>common</Filter>
    </CustomBuild>
    <CustomBuild Include="..\c_header\spcm_win64_msvcpp.lib">
      <Filter>common</Filter>
    </CustomBuild>
  </ItemGroup>
</Project>